<?xml version="1.0" encoding="UTF-8"?>
<Scheme
   LastUpgradeVersion = "1300"
   version = "1.3">
   <BuildAction
      parallelizeBuildables = "YES"
      buildImplicitDependencies = "YES">
      <BuildActionEntries>
         <BuildActionEntry
            buildForTesting = "YES"
            buildForRunning = "YES"
            buildForProfiling = "YES"
            buildForArchiving = "YES"
            buildForAnalyzing = "YES">
            <BuildableReference
               BuildableIdentifier = "primary"
               BlueprintIdentifier = "DFAA5F0A268D9E85008E034E"
               BuildableName = "TheMovieDB.framework"
               BlueprintName = "TheMovieDB"
               ReferencedContainer = "container:TheMovieDB.xcodeproj">
            </BuildableReference>
         </BuildActionEntry>
      </BuildActionEntries>
   </BuildAction>
   <TestAction
      buildConfiguration = "Debug"
      selectedDebuggerIdentifier = "Xcode.DebuggerFoundation.Debugger.LLDB"
      selectedLauncherIdentifier = "Xcode.DebuggerFoundation.Launcher.LLDB"
      shouldUseLaunchSchemeArgsEnv = "YES"
      codeCoverageEnabled = "YES"
      onlyGenerateCoverageForSpecifiedTargets = "YES">
      <CodeCoverageTargets>
         <BuildableReference
            BuildableIdentifier = "primary"
            BlueprintIdentifier = "DFAA5F0A268D9E85008E034E"
            BuildableName = "TheMovieDB.framework"
            BlueprintName = "TheMovieDB"
            ReferencedContainer = "container:TheMovieDB.xcodeproj">
         </BuildableReference>
         <BuildableReference
            BuildableIdentifier = "primary"
            BlueprintIdentifier = "DFEBD8D7268ECF9F0012E31A"
            BuildableName = "TheMovieDBiOS.framework"
            BlueprintName = "TheMovieDBiOS"
            ReferencedContainer = "container:TheMovieDB.xcodeproj">
         </BuildableReference>
      </CodeCoverageTargets>
      <Testables>
         <TestableReference
            skipped = "NO"
            testExecutionOrdering = "random">
            <BuildableReference
               BuildableIdentifier = "primary"
               BlueprintIdentifier = "DFAA5F12268D9E85008E034E"
               BuildableName = "TheMovieDBTests.xctest"
               BlueprintName = "TheMovieDBTests"
               ReferencedContainer = "container:TheMovieDB.xcodeproj">
            </BuildableReference>
         </TestableReference>
         <TestableReference
            skipped = "NO"
            testExecutionOrdering = "random">
            <BuildableReference
               BuildableIdentifier = "primary"
               BlueprintIdentifier = "DFEBD8DE268ECF9F0012E31A"
               BuildableName = "TheMovieDBiOSTests.xctest"
               BlueprintName = "TheMovieDBiOSTests"
               ReferencedContainer = "container:TheMovieDB.xcodeproj">
            </BuildableReference>
         </TestableReference>
         <TestableReference
            skipped = "NO"
            testExecutionOrdering = "random">
            <BuildableReference
               BuildableIdentifier = "primary"
               BlueprintIdentifier = "DFEBD934268F34C70012E31A"
               BuildableName = "TheMovieDBiOSAppTests.xctest"
               BlueprintName = "TheMovieDBiOSAppTests"
               ReferencedContainer = "container:../TheMovieDBiOSApp/TheMovieDBiOSApp.xcodeproj">
            </BuildableReference>
         </TestableReference>
         <TestableReference
            skipped = "NO"
            testExecutionOrdering = "random">
            <BuildableReference
               BuildableIdentifier = "primary"
               BlueprintIdentifier = "DF7BEF6226907EE8009591B4"
               BuildableName = "NowPlayingFeedAPIEndToEndTests.xctest"
               BlueprintName = "NowPlayingFeedAPIEndToEndTests"
               ReferencedContainer = "container:../TheMovieDBiOSApp/TheMovieDBiOSApp.xcodeproj">
            </BuildableReference>
         </TestableReference>
      </Testables>
   </TestAction>
   <LaunchAction
      buildConfiguration = "Debug"
      selectedDebuggerIdentifier = "Xcode.DebuggerFoundation.Debugger.LLDB"
      selectedLauncherIdentifier = "Xcode.DebuggerFoundation.Launcher.LLDB"
      launchStyle = "0"
      useCustomWorkingDirectory = "NO"
      ignoresPersistentStateOnLaunch = "NO"
      debugDocumentVersioning = "YES"
      debugServiceExtension = "internal"
      allowLocationSimulation = "YES">
   </LaunchAction>
   <ProfileAction
      buildConfiguration = "Release"
      shouldUseLaunchSchemeArgsEnv = "YES"
      savedToolIdentifier = ""
      useCustomWorkingDirectory = "NO"
      debugDocumentVersioning = "YES">
      <MacroExpansion>
         <BuildableReference
            BuildableIdentifier = "primary"
            BlueprintIdentifier = "DFAA5F0A268D9E85008E034E"
            BuildableName = "TheMovieDB.framework"
            BlueprintName = "TheMovieDB"
            ReferencedContainer = "container:TheMovieDB.xcodeproj">
         </BuildableReference>
      </MacroExpansion>
   </ProfileAction>
   <AnalyzeAction
      buildConfiguration = "Debug">
   </AnalyzeAction>
   <ArchiveAction
      buildConfiguration = "Release"
      revealArchiveInOrganizer = "YES">
   </ArchiveAction>
</Scheme>
