// !$*UTF8*$!
{
	archiveVersion = 1;
	classes = {
	};
	objectVersion = 55;
	objects = {

/* Begin PBXBuildFile section */
		DFEBD923268F34C50012E31A /* AppDelegate.swift in Sources */ = {isa = PBXBuildFile; fileRef = DFEBD922268F34C50012E31A /* AppDelegate.swift */; };
		DFEBD925268F34C50012E31A /* SceneDelegate.swift in Sources */ = {isa = PBXBuildFile; fileRef = DFEBD924268F34C50012E31A /* SceneDelegate.swift */; };
		DFEBD92C268F34C70012E31A /* Assets.xcassets in Resources */ = {isa = PBXBuildFile; fileRef = DFEBD92B268F34C70012E31A /* Assets.xcassets */; };
		DFEBD92F268F34C70012E31A /* LaunchScreen.storyboard in Resources */ = {isa = PBXBuildFile; fileRef = DFEBD92D268F34C70012E31A /* LaunchScreen.storyboard */; };
		DFEBD954268F3DA60012E31A /* TheMovieDB.framework in Frameworks */ = {isa = PBXBuildFile; fileRef = DFEBD953268F3DA60012E31A /* TheMovieDB.framework */; };
		DFEBD955268F3DA60012E31A /* TheMovieDB.framework in Embed Frameworks */ = {isa = PBXBuildFile; fileRef = DFEBD953268F3DA60012E31A /* TheMovieDB.framework */; settings = {ATTRIBUTES = (CodeSignOnCopy, RemoveHeadersOnCopy, ); }; };
		DFEBD958268F3DA80012E31A /* TheMovieDBiOS.framework in Frameworks */ = {isa = PBXBuildFile; fileRef = DFEBD957268F3DA80012E31A /* TheMovieDBiOS.framework */; };
		DFEBD959268F3DA80012E31A /* TheMovieDBiOS.framework in Embed Frameworks */ = {isa = PBXBuildFile; fileRef = DFEBD957268F3DA80012E31A /* TheMovieDBiOS.framework */; settings = {ATTRIBUTES = (CodeSignOnCopy, RemoveHeadersOnCopy, ); }; };
		DFEBD965269012C30012E31A /* AuthenticatedHTTPClientDecoratorTests.swift in Sources */ = {isa = PBXBuildFile; fileRef = DFEBD964269012C30012E31A /* AuthenticatedHTTPClientDecoratorTests.swift */; };
		DFEBD96726902FCE0012E31A /* AuthenticatedHTTPClientDecorator.swift in Sources */ = {isa = PBXBuildFile; fileRef = DFEBD96626902FCE0012E31A /* AuthenticatedHTTPClientDecorator.swift */; };
		DFEBD969269030CD0012E31A /* Credential.swift in Sources */ = {isa = PBXBuildFile; fileRef = DFEBD968269030CD0012E31A /* Credential.swift */; };
/* End PBXBuildFile section */

/* Begin PBXContainerItemProxy section */
		DFEBD936268F34C70012E31A /* PBXContainerItemProxy */ = {
			isa = PBXContainerItemProxy;
			containerPortal = DFEBD917268F34C50012E31A /* Project object */;
			proxyType = 1;
			remoteGlobalIDString = DFEBD91E268F34C50012E31A;
			remoteInfo = TheMovieDBiOSApp;
		};
/* End PBXContainerItemProxy section */

/* Begin PBXCopyFilesBuildPhase section */
		DFEBD956268F3DA60012E31A /* Embed Frameworks */ = {
			isa = PBXCopyFilesBuildPhase;
			buildActionMask = 2147483647;
			dstPath = "";
			dstSubfolderSpec = 10;
			files = (
				DFEBD955268F3DA60012E31A /* TheMovieDB.framework in Embed Frameworks */,
				DFEBD959268F3DA80012E31A /* TheMovieDBiOS.framework in Embed Frameworks */,
			);
			name = "Embed Frameworks";
			runOnlyForDeploymentPostprocessing = 0;
		};
/* End PBXCopyFilesBuildPhase section */

/* Begin PBXFileReference section */
		DFEBD91F268F34C50012E31A /* TheMovieDBiOSApp.app */ = {isa = PBXFileReference; explicitFileType = wrapper.application; includeInIndex = 0; path = TheMovieDBiOSApp.app; sourceTree = BUILT_PRODUCTS_DIR; };
		DFEBD922268F34C50012E31A /* AppDelegate.swift */ = {isa = PBXFileReference; lastKnownFileType = sourcecode.swift; path = AppDelegate.swift; sourceTree = "<group>"; };
		DFEBD924268F34C50012E31A /* SceneDelegate.swift */ = {isa = PBXFileReference; lastKnownFileType = sourcecode.swift; path = SceneDelegate.swift; sourceTree = "<group>"; };
		DFEBD92B268F34C70012E31A /* Assets.xcassets */ = {isa = PBXFileReference; lastKnownFileType = folder.assetcatalog; path = Assets.xcassets; sourceTree = "<group>"; };
		DFEBD92E268F34C70012E31A /* Base */ = {isa = PBXFileReference; lastKnownFileType = file.storyboard; name = Base; path = Base.lproj/LaunchScreen.storyboard; sourceTree = "<group>"; };
		DFEBD930268F34C70012E31A /* Info.plist */ = {isa = PBXFileReference; lastKnownFileType = text.plist.xml; path = Info.plist; sourceTree = "<group>"; };
		DFEBD935268F34C70012E31A /* TheMovieDBiOSAppTests.xctest */ = {isa = PBXFileReference; explicitFileType = wrapper.cfbundle; includeInIndex = 0; path = TheMovieDBiOSAppTests.xctest; sourceTree = BUILT_PRODUCTS_DIR; };
		DFEBD953268F3DA60012E31A /* TheMovieDB.framework */ = {isa = PBXFileReference; explicitFileType = wrapper.framework; path = TheMovieDB.framework; sourceTree = BUILT_PRODUCTS_DIR; };
		DFEBD957268F3DA80012E31A /* TheMovieDBiOS.framework */ = {isa = PBXFileReference; explicitFileType = wrapper.framework; path = TheMovieDBiOS.framework; sourceTree = BUILT_PRODUCTS_DIR; };
		DFEBD964269012C30012E31A /* AuthenticatedHTTPClientDecoratorTests.swift */ = {isa = PBXFileReference; lastKnownFileType = sourcecode.swift; path = AuthenticatedHTTPClientDecoratorTests.swift; sourceTree = "<group>"; };
		DFEBD96626902FCE0012E31A /* AuthenticatedHTTPClientDecorator.swift */ = {isa = PBXFileReference; lastKnownFileType = sourcecode.swift; path = AuthenticatedHTTPClientDecorator.swift; sourceTree = "<group>"; };
		DFEBD968269030CD0012E31A /* Credential.swift */ = {isa = PBXFileReference; lastKnownFileType = sourcecode.swift; path = Credential.swift; sourceTree = "<group>"; };
/* End PBXFileReference section */

/* Begin PBXFrameworksBuildPhase section */
		DFEBD91C268F34C50012E31A /* Frameworks */ = {
			isa = PBXFrameworksBuildPhase;
			buildActionMask = 2147483647;
			files = (
				DFEBD954268F3DA60012E31A /* TheMovieDB.framework in Frameworks */,
				DFEBD958268F3DA80012E31A /* TheMovieDBiOS.framework in Frameworks */,
			);
			runOnlyForDeploymentPostprocessing = 0;
		};
		DFEBD932268F34C70012E31A /* Frameworks */ = {
			isa = PBXFrameworksBuildPhase;
			buildActionMask = 2147483647;
			files = (
			);
			runOnlyForDeploymentPostprocessing = 0;
		};
/* End PBXFrameworksBuildPhase section */

/* Begin PBXGroup section */
		DF7BEF5B26903197009591B4 /* Application */ = {
			isa = PBXGroup;
			children = (
				DFEBD922268F34C50012E31A /* AppDelegate.swift */,
				DFEBD924268F34C50012E31A /* SceneDelegate.swift */,
			);
			path = Application;
			sourceTree = "<group>";
		};
		DF7BEF5C269031A1009591B4 /* Resources */ = {
			isa = PBXGroup;
			children = (
				DFEBD92B268F34C70012E31A /* Assets.xcassets */,
				DFEBD92D268F34C70012E31A /* LaunchScreen.storyboard */,
			);
			path = Resources;
			sourceTree = "<group>";
		};
		DF7BEF5D269031AC009591B4 /* HTTPClientDecorator */ = {
			isa = PBXGroup;
			children = (
				DFEBD96626902FCE0012E31A /* AuthenticatedHTTPClientDecorator.swift */,
				DFEBD968269030CD0012E31A /* Credential.swift */,
			);
			path = HTTPClientDecorator;
			sourceTree = "<group>";
		};
		DF7BEF5E269031C7009591B4 /* HTTPClientDecorator */ = {
			isa = PBXGroup;
			children = (
				DFEBD964269012C30012E31A /* AuthenticatedHTTPClientDecoratorTests.swift */,
			);
			path = HTTPClientDecorator;
			sourceTree = "<group>";
		};
		DFEBD916268F34C50012E31A = {
			isa = PBXGroup;
			children = (
				DFEBD921268F34C50012E31A /* TheMovieDBiOSApp */,
				DFEBD938268F34C70012E31A /* TheMovieDBiOSAppTests */,
				DFEBD920268F34C50012E31A /* Products */,
				DFEBD952268F3DA60012E31A /* Frameworks */,
			);
			sourceTree = "<group>";
		};
		DFEBD920268F34C50012E31A /* Products */ = {
			isa = PBXGroup;
			children = (
				DFEBD91F268F34C50012E31A /* TheMovieDBiOSApp.app */,
				DFEBD935268F34C70012E31A /* TheMovieDBiOSAppTests.xctest */,
			);
			name = Products;
			sourceTree = "<group>";
		};
		DFEBD921268F34C50012E31A /* TheMovieDBiOSApp */ = {
			isa = PBXGroup;
			children = (
				DF7BEF5B26903197009591B4 /* Application */,
				DF7BEF5D269031AC009591B4 /* HTTPClientDecorator */,
				DF7BEF5C269031A1009591B4 /* Resources */,
				DFEBD930268F34C70012E31A /* Info.plist */,
			);
			path = TheMovieDBiOSApp;
			sourceTree = "<group>";
		};
		DFEBD938268F34C70012E31A /* TheMovieDBiOSAppTests */ = {
			isa = PBXGroup;
			children = (
				DF7BEF5E269031C7009591B4 /* HTTPClientDecorator */,
			);
			path = TheMovieDBiOSAppTests;
			sourceTree = "<group>";
		};
		DFEBD952268F3DA60012E31A /* Frameworks */ = {
			isa = PBXGroup;
			children = (
				DFEBD957268F3DA80012E31A /* TheMovieDBiOS.framework */,
				DFEBD953268F3DA60012E31A /* TheMovieDB.framework */,
			);
			name = Frameworks;
			sourceTree = "<group>";
		};
/* End PBXGroup section */

/* Begin PBXNativeTarget section */
		DFEBD91E268F34C50012E31A /* TheMovieDBiOSApp */ = {
			isa = PBXNativeTarget;
			buildConfigurationList = DFEBD947268F34C70012E31A /* Build configuration list for PBXNativeTarget "TheMovieDBiOSApp" */;
			buildPhases = (
				DFEBD91B268F34C50012E31A /* Sources */,
				DFEBD91C268F34C50012E31A /* Frameworks */,
				DFEBD91D268F34C50012E31A /* Resources */,
				DFEBD956268F3DA60012E31A /* Embed Frameworks */,
			);
			buildRules = (
			);
			dependencies = (
			);
			name = TheMovieDBiOSApp;
			productName = TheMovieDBiOSApp;
			productReference = DFEBD91F268F34C50012E31A /* TheMovieDBiOSApp.app */;
			productType = "com.apple.product-type.application";
		};
		DFEBD934268F34C70012E31A /* TheMovieDBiOSAppTests */ = {
			isa = PBXNativeTarget;
			buildConfigurationList = DFEBD94A268F34C70012E31A /* Build configuration list for PBXNativeTarget "TheMovieDBiOSAppTests" */;
			buildPhases = (
				DFEBD931268F34C70012E31A /* Sources */,
				DFEBD932268F34C70012E31A /* Frameworks */,
				DFEBD933268F34C70012E31A /* Resources */,
			);
			buildRules = (
			);
			dependencies = (
				DFEBD937268F34C70012E31A /* PBXTargetDependency */,
			);
			name = TheMovieDBiOSAppTests;
			productName = TheMovieDBiOSAppTests;
			productReference = DFEBD935268F34C70012E31A /* TheMovieDBiOSAppTests.xctest */;
			productType = "com.apple.product-type.bundle.unit-test";
		};
/* End PBXNativeTarget section */

/* Begin PBXProject section */
		DFEBD917268F34C50012E31A /* Project object */ = {
			isa = PBXProject;
			attributes = {
				BuildIndependentTargetsInParallel = 1;
				LastSwiftUpdateCheck = 1300;
				LastUpgradeCheck = 1300;
				TargetAttributes = {
					DFEBD91E268F34C50012E31A = {
						CreatedOnToolsVersion = 13.0;
					};
					DFEBD934268F34C70012E31A = {
						CreatedOnToolsVersion = 13.0;
						LastSwiftMigration = 1300;
						TestTargetID = DFEBD91E268F34C50012E31A;
					};
				};
			};
			buildConfigurationList = DFEBD91A268F34C50012E31A /* Build configuration list for PBXProject "TheMovieDBiOSApp" */;
			compatibilityVersion = "Xcode 13.0";
			developmentRegion = en;
			hasScannedForEncodings = 0;
			knownRegions = (
				en,
				Base,
			);
			mainGroup = DFEBD916268F34C50012E31A;
			productRefGroup = DFEBD920268F34C50012E31A /* Products */;
			projectDirPath = "";
			projectRoot = "";
			targets = (
				DFEBD91E268F34C50012E31A /* TheMovieDBiOSApp */,
				DFEBD934268F34C70012E31A /* TheMovieDBiOSAppTests */,
			);
		};
/* End PBXProject section */

/* Begin PBXResourcesBuildPhase section */
		DFEBD91D268F34C50012E31A /* Resources */ = {
			isa = PBXResourcesBuildPhase;
			buildActionMask = 2147483647;
			files = (
				DFEBD92F268F34C70012E31A /* LaunchScreen.storyboard in Resources */,
				DFEBD92C268F34C70012E31A /* Assets.xcassets in Resources */,
			);
			runOnlyForDeploymentPostprocessing = 0;
		};
		DFEBD933268F34C70012E31A /* Resources */ = {
			isa = PBXResourcesBuildPhase;
			buildActionMask = 2147483647;
			files = (
			);
			runOnlyForDeploymentPostprocessing = 0;
		};
/* End PBXResourcesBuildPhase section */

/* Begin PBXSourcesBuildPhase section */
		DFEBD91B268F34C50012E31A /* Sources */ = {
			isa = PBXSourcesBuildPhase;
			buildActionMask = 2147483647;
			files = (
				DFEBD923268F34C50012E31A /* AppDelegate.swift in Sources */,
				DFEBD96726902FCE0012E31A /* AuthenticatedHTTPClientDecorator.swift in Sources */,
				DFEBD969269030CD0012E31A /* Credential.swift in Sources */,
				DFEBD925268F34C50012E31A /* SceneDelegate.swift in Sources */,
			);
			runOnlyForDeploymentPostprocessing = 0;
		};
		DFEBD931268F34C70012E31A /* Sources */ = {
			isa = PBXSourcesBuildPhase;
			buildActionMask = 2147483647;
			files = (
				DFEBD965269012C30012E31A /* AuthenticatedHTTPClientDecoratorTests.swift in Sources */,
			);
			runOnlyForDeploymentPostprocessing = 0;
		};
/* End PBXSourcesBuildPhase section */

/* Begin PBXTargetDependency section */
		DFEBD937268F34C70012E31A /* PBXTargetDependency */ = {
			isa = PBXTargetDependency;
			target = DFEBD91E268F34C50012E31A /* TheMovieDBiOSApp */;
			targetProxy = DFEBD936268F34C70012E31A /* PBXContainerItemProxy */;
		};
/* End PBXTargetDependency section */

/* Begin PBXVariantGroup section */
		DFEBD92D268F34C70012E31A /* LaunchScreen.storyboard */ = {
			isa = PBXVariantGroup;
			children = (
				DFEBD92E268F34C70012E31A /* Base */,
			);
			name = LaunchScreen.storyboard;
			sourceTree = "<group>";
		};
/* End PBXVariantGroup section */

/* Begin XCBuildConfiguration section */
		DFEBD945268F34C70012E31A /* Debug */ = {
			isa = XCBuildConfiguration;
			buildSettings = {
				ALWAYS_SEARCH_USER_PATHS = NO;
				CLANG_ANALYZER_NONNULL = YES;
				CLANG_ANALYZER_NUMBER_OBJECT_CONVERSION = YES_AGGRESSIVE;
				CLANG_CXX_LANGUAGE_STANDARD = "gnu++14";
				CLANG_CXX_LIBRARY = "libc++";
				CLANG_ENABLE_MODULES = YES;
				CLANG_ENABLE_OBJC_ARC = YES;
				CLANG_ENABLE_OBJC_WEAK = YES;
				CLANG_WARN_BLOCK_CAPTURE_AUTORELEASING = YES;
				CLANG_WARN_BOOL_CONVERSION = YES;
				CLANG_WARN_COMMA = YES;
				CLANG_WARN_CONSTANT_CONVERSION = YES;
				CLANG_WARN_DEPRECATED_OBJC_IMPLEMENTATIONS = YES;
				CLANG_WARN_DIRECT_OBJC_ISA_USAGE = YES_ERROR;
				CLANG_WARN_DOCUMENTATION_COMMENTS = YES;
				CLANG_WARN_EMPTY_BODY = YES;
				CLANG_WARN_ENUM_CONVERSION = YES;
				CLANG_WARN_INFINITE_RECURSION = YES;
				CLANG_WARN_INT_CONVERSION = YES;
				CLANG_WARN_NON_LITERAL_NULL_CONVERSION = YES;
				CLANG_WARN_OBJC_IMPLICIT_RETAIN_SELF = YES;
				CLANG_WARN_OBJC_LITERAL_CONVERSION = YES;
				CLANG_WARN_OBJC_ROOT_CLASS = YES_ERROR;
				CLANG_WARN_QUOTED_INCLUDE_IN_FRAMEWORK_HEADER = YES;
				CLANG_WARN_RANGE_LOOP_ANALYSIS = YES;
				CLANG_WARN_STRICT_PROTOTYPES = YES;
				CLANG_WARN_SUSPICIOUS_MOVE = YES;
				CLANG_WARN_UNGUARDED_AVAILABILITY = YES_AGGRESSIVE;
				CLANG_WARN_UNREACHABLE_CODE = YES;
				CLANG_WARN__DUPLICATE_METHOD_MATCH = YES;
				COPY_PHASE_STRIP = NO;
				DEBUG_INFORMATION_FORMAT = dwarf;
				ENABLE_STRICT_OBJC_MSGSEND = YES;
				ENABLE_TESTABILITY = YES;
				GCC_C_LANGUAGE_STANDARD = gnu11;
				GCC_DYNAMIC_NO_PIC = NO;
				GCC_NO_COMMON_BLOCKS = YES;
				GCC_OPTIMIZATION_LEVEL = 0;
				GCC_PREPROCESSOR_DEFINITIONS = (
					"DEBUG=1",
					"$(inherited)",
				);
				GCC_WARN_64_TO_32_BIT_CONVERSION = YES;
				GCC_WARN_ABOUT_RETURN_TYPE = YES_ERROR;
				GCC_WARN_UNDECLARED_SELECTOR = YES;
				GCC_WARN_UNINITIALIZED_AUTOS = YES_AGGRESSIVE;
				GCC_WARN_UNUSED_FUNCTION = YES;
				GCC_WARN_UNUSED_VARIABLE = YES;
				IPHONEOS_DEPLOYMENT_TARGET = 15.0;
				MTL_ENABLE_DEBUG_INFO = INCLUDE_SOURCE;
				MTL_FAST_MATH = YES;
				ONLY_ACTIVE_ARCH = YES;
				SDKROOT = iphoneos;
				SWIFT_ACTIVE_COMPILATION_CONDITIONS = DEBUG;
				SWIFT_OPTIMIZATION_LEVEL = "-Onone";
			};
			name = Debug;
		};
		DFEBD946268F34C70012E31A /* Release */ = {
			isa = XCBuildConfiguration;
			buildSettings = {
				ALWAYS_SEARCH_USER_PATHS = NO;
				CLANG_ANALYZER_NONNULL = YES;
				CLANG_ANALYZER_NUMBER_OBJECT_CONVERSION = YES_AGGRESSIVE;
				CLANG_CXX_LANGUAGE_STANDARD = "gnu++14";
				CLANG_CXX_LIBRARY = "libc++";
				CLANG_ENABLE_MODULES = YES;
				CLANG_ENABLE_OBJC_ARC = YES;
				CLANG_ENABLE_OBJC_WEAK = YES;
				CLANG_WARN_BLOCK_CAPTURE_AUTORELEASING = YES;
				CLANG_WARN_BOOL_CONVERSION = YES;
				CLANG_WARN_COMMA = YES;
				CLANG_WARN_CONSTANT_CONVERSION = YES;
				CLANG_WARN_DEPRECATED_OBJC_IMPLEMENTATIONS = YES;
				CLANG_WARN_DIRECT_OBJC_ISA_USAGE = YES_ERROR;
				CLANG_WARN_DOCUMENTATION_COMMENTS = YES;
				CLANG_WARN_EMPTY_BODY = YES;
				CLANG_WARN_ENUM_CONVERSION = YES;
				CLANG_WARN_INFINITE_RECURSION = YES;
				CLANG_WARN_INT_CONVERSION = YES;
				CLANG_WARN_NON_LITERAL_NULL_CONVERSION = YES;
				CLANG_WARN_OBJC_IMPLICIT_RETAIN_SELF = YES;
				CLANG_WARN_OBJC_LITERAL_CONVERSION = YES;
				CLANG_WARN_OBJC_ROOT_CLASS = YES_ERROR;
				CLANG_WARN_QUOTED_INCLUDE_IN_FRAMEWORK_HEADER = YES;
				CLANG_WARN_RANGE_LOOP_ANALYSIS = YES;
				CLANG_WARN_STRICT_PROTOTYPES = YES;
				CLANG_WARN_SUSPICIOUS_MOVE = YES;
				CLANG_WARN_UNGUARDED_AVAILABILITY = YES_AGGRESSIVE;
				CLANG_WARN_UNREACHABLE_CODE = YES;
				CLANG_WARN__DUPLICATE_METHOD_MATCH = YES;
				COPY_PHASE_STRIP = NO;
				DEBUG_INFORMATION_FORMAT = "dwarf-with-dsym";
				ENABLE_NS_ASSERTIONS = NO;
				ENABLE_STRICT_OBJC_MSGSEND = YES;
				GCC_C_LANGUAGE_STANDARD = gnu11;
				GCC_NO_COMMON_BLOCKS = YES;
				GCC_WARN_64_TO_32_BIT_CONVERSION = YES;
				GCC_WARN_ABOUT_RETURN_TYPE = YES_ERROR;
				GCC_WARN_UNDECLARED_SELECTOR = YES;
				GCC_WARN_UNINITIALIZED_AUTOS = YES_AGGRESSIVE;
				GCC_WARN_UNUSED_FUNCTION = YES;
				GCC_WARN_UNUSED_VARIABLE = YES;
				IPHONEOS_DEPLOYMENT_TARGET = 15.0;
				MTL_ENABLE_DEBUG_INFO = NO;
				MTL_FAST_MATH = YES;
				SDKROOT = iphoneos;
				SWIFT_COMPILATION_MODE = wholemodule;
				SWIFT_OPTIMIZATION_LEVEL = "-O";
				VALIDATE_PRODUCT = YES;
			};
			name = Release;
		};
		DFEBD948268F34C70012E31A /* Debug */ = {
			isa = XCBuildConfiguration;
			buildSettings = {
				ASSETCATALOG_COMPILER_APPICON_NAME = AppIcon;
				ASSETCATALOG_COMPILER_GLOBAL_ACCENT_COLOR_NAME = AccentColor;
				CODE_SIGN_STYLE = Automatic;
				CURRENT_PROJECT_VERSION = 1;
				GENERATE_INFOPLIST_FILE = YES;
				INFOPLIST_FILE = TheMovieDBiOSApp/Info.plist;
				INFOPLIST_KEY_CFBundleExecutable = TheMovieDBiOSApp;
				INFOPLIST_KEY_CFBundleName = TheMovieDBiOSApp;
				INFOPLIST_KEY_CFBundleVersion = 1;
				INFOPLIST_KEY_UIApplicationSupportsIndirectInputEvents = YES;
				INFOPLIST_KEY_UILaunchStoryboardName = LaunchScreen;
				INFOPLIST_KEY_UISupportedInterfaceOrientations_iPad = "UIInterfaceOrientationPortrait UIInterfaceOrientationPortraitUpsideDown UIInterfaceOrientationLandscapeLeft UIInterfaceOrientationLandscapeRight";
				INFOPLIST_KEY_UISupportedInterfaceOrientations_iPhone = "UIInterfaceOrientationPortrait UIInterfaceOrientationLandscapeLeft UIInterfaceOrientationLandscapeRight";
				IPHONEOS_DEPLOYMENT_TARGET = 13.0;
				LD_RUNPATH_SEARCH_PATHS = (
					"$(inherited)",
					"@executable_path/Frameworks",
				);
				MARKETING_VERSION = 1.0;
				PRODUCT_BUNDLE_IDENTIFIER = vn.learnwithtung.TheMovieDBiOSApp;
				PRODUCT_NAME = "$(TARGET_NAME)";
				SWIFT_EMIT_LOC_STRINGS = YES;
				SWIFT_VERSION = 5.0;
				TARGETED_DEVICE_FAMILY = 1;
			};
			name = Debug;
		};
		DFEBD949268F34C70012E31A /* Release */ = {
			isa = XCBuildConfiguration;
			buildSettings = {
				ASSETCATALOG_COMPILER_APPICON_NAME = AppIcon;
				ASSETCATALOG_COMPILER_GLOBAL_ACCENT_COLOR_NAME = AccentColor;
				CODE_SIGN_STYLE = Automatic;
				CURRENT_PROJECT_VERSION = 1;
				GENERATE_INFOPLIST_FILE = YES;
				INFOPLIST_FILE = TheMovieDBiOSApp/Info.plist;
				INFOPLIST_KEY_CFBundleExecutable = TheMovieDBiOSApp;
				INFOPLIST_KEY_CFBundleName = TheMovieDBiOSApp;
				INFOPLIST_KEY_CFBundleVersion = 1;
				INFOPLIST_KEY_UIApplicationSupportsIndirectInputEvents = YES;
				INFOPLIST_KEY_UILaunchStoryboardName = LaunchScreen;
				INFOPLIST_KEY_UISupportedInterfaceOrientations_iPad = "UIInterfaceOrientationPortrait UIInterfaceOrientationPortraitUpsideDown UIInterfaceOrientationLandscapeLeft UIInterfaceOrientationLandscapeRight";
				INFOPLIST_KEY_UISupportedInterfaceOrientations_iPhone = "UIInterfaceOrientationPortrait UIInterfaceOrientationLandscapeLeft UIInterfaceOrientationLandscapeRight";
				IPHONEOS_DEPLOYMENT_TARGET = 13.0;
				LD_RUNPATH_SEARCH_PATHS = (
					"$(inherited)",
					"@executable_path/Frameworks",
				);
				MARKETING_VERSION = 1.0;
				PRODUCT_BUNDLE_IDENTIFIER = vn.learnwithtung.TheMovieDBiOSApp;
				PRODUCT_NAME = "$(TARGET_NAME)";
				SWIFT_EMIT_LOC_STRINGS = YES;
				SWIFT_VERSION = 5.0;
				TARGETED_DEVICE_FAMILY = 1;
			};
			name = Release;
		};
		DFEBD94B268F34C70012E31A /* Debug */ = {
			isa = XCBuildConfiguration;
			buildSettings = {
				ALWAYS_EMBED_SWIFT_STANDARD_LIBRARIES = YES;
				BUNDLE_LOADER = "$(TEST_HOST)";
				CLANG_ENABLE_MODULES = YES;
				CODE_SIGN_STYLE = Automatic;
				CURRENT_PROJECT_VERSION = 1;
				GENERATE_INFOPLIST_FILE = YES;
				IPHONEOS_DEPLOYMENT_TARGET = 15.0;
				LD_RUNPATH_SEARCH_PATHS = (
					"$(inherited)",
					"@executable_path/Frameworks",
					"@loader_path/Frameworks",
				);
				MARKETING_VERSION = 1.0;
				PRODUCT_BUNDLE_IDENTIFIER = vn.learnwithtung.TheMovieDBiOSAppTests;
				PRODUCT_NAME = "$(TARGET_NAME)";
				SWIFT_EMIT_LOC_STRINGS = NO;
				SWIFT_OPTIMIZATION_LEVEL = "-Onone";
				SWIFT_VERSION = 5.0;
				TARGETED_DEVICE_FAMILY = "1,2";
				TEST_HOST = "$(BUILT_PRODUCTS_DIR)/TheMovieDBiOSApp.app/TheMovieDBiOSApp";
			};
			name = Debug;
		};
		DFEBD94C268F34C70012E31A /* Release */ = {
			isa = XCBuildConfiguration;
			buildSettings = {
				ALWAYS_EMBED_SWIFT_STANDARD_LIBRARIES = YES;
				BUNDLE_LOADER = "$(TEST_HOST)";
				CLANG_ENABLE_MODULES = YES;
				CODE_SIGN_STYLE = Automatic;
				CURRENT_PROJECT_VERSION = 1;
				GENERATE_INFOPLIST_FILE = YES;
				IPHONEOS_DEPLOYMENT_TARGET = 15.0;
				LD_RUNPATH_SEARCH_PATHS = (
					"$(inherited)",
					"@executable_path/Frameworks",
					"@loader_path/Frameworks",
				);
				MARKETING_VERSION = 1.0;
				PRODUCT_BUNDLE_IDENTIFIER = vn.learnwithtung.TheMovieDBiOSAppTests;
				PRODUCT_NAME = "$(TARGET_NAME)";
				SWIFT_EMIT_LOC_STRINGS = NO;
				SWIFT_VERSION = 5.0;
				TARGETED_DEVICE_FAMILY = "1,2";
				TEST_HOST = "$(BUILT_PRODUCTS_DIR)/TheMovieDBiOSApp.app/TheMovieDBiOSApp";
			};
			name = Release;
		};
/* End XCBuildConfiguration section */

/* Begin XCConfigurationList section */
		DFEBD91A268F34C50012E31A /* Build configuration list for PBXProject "TheMovieDBiOSApp" */ = {
			isa = XCConfigurationList;
			buildConfigurations = (
				DFEBD945268F34C70012E31A /* Debug */,
				DFEBD946268F34C70012E31A /* Release */,
			);
			defaultConfigurationIsVisible = 0;
			defaultConfigurationName = Release;
		};
		DFEBD947268F34C70012E31A /* Build configuration list for PBXNativeTarget "TheMovieDBiOSApp" */ = {
			isa = XCConfigurationList;
			buildConfigurations = (
				DFEBD948268F34C70012E31A /* Debug */,
				DFEBD949268F34C70012E31A /* Release */,
			);
			defaultConfigurationIsVisible = 0;
			defaultConfigurationName = Release;
		};
		DFEBD94A268F34C70012E31A /* Build configuration list for PBXNativeTarget "TheMovieDBiOSAppTests" */ = {
			isa = XCConfigurationList;
			buildConfigurations = (
				DFEBD94B268F34C70012E31A /* Debug */,
				DFEBD94C268F34C70012E31A /* Release */,
			);
			defaultConfigurationIsVisible = 0;
			defaultConfigurationName = Release;
		};
/* End XCConfigurationList section */
	};
	rootObject = DFEBD917268F34C50012E31A /* Project object */;
}
